
Microsoft Visual Studio Solution File, Format Version 12.00
# Visual Studio 15
VisualStudioVersion = 15.0.27004.2010
MinimumVisualStudioVersion = 10.0.40219.1
Project("{FAE04EC0-301F-11D3-BF4B-00C04F79EFBC}") = "RevExpress", "RevExpress\RevExpress.csproj", "{12E31CD0-2A5A-460C-B0B6-8599B0CE09FA}"
EndProject
Project("{FAE04EC0-301F-11D3-BF4B-00C04F79EFBC}") = "RevExpress.Web", "RevExpress.Web\RevExpress.Web.csproj", "{5B21BB2B-A63A-40D3-ACE7-BF83345D324B}"
EndProject
Project("{FAE04EC0-301F-11D3-BF4B-00C04F79EFBC}") = "RevExpress.Library", "RevExpress.Library\RevExpress.Library.csproj", "{6F283986-CB01-42A5-AC6E-76A2E9C068F6}"
EndProject
Project("{FAE04EC0-301F-11D3-BF4B-00C04F79EFBC}") = "SmsApiDemo", "SmsApiDemo\SmsApiDemo.csproj", "{AA4E88C7-2BB6-43A4-B439-EFF0EA5BA913}"
EndProject
Global
	GlobalSection(SolutionConfigurationPlatforms) = preSolution
		Debug|Any CPU = Debug|Any CPU
		Release|Any CPU = Release|Any CPU
	EndGlobalSection
	GlobalSection(ProjectConfigurationPlatforms) = postSolution
		{12E31CD0-2A5A-460C-B0B6-8599B0CE09FA}.Debug|Any CPU.ActiveCfg = Debug|Any CPU
		{12E31CD0-2A5A-460C-B0B6-8599B0CE09FA}.Debug|Any CPU.Build.0 = Debug|Any CPU
		{12E31CD0-2A5A-460C-B0B6-8599B0CE09FA}.Release|Any CPU.ActiveCfg = Release|Any CPU
		{12E31CD0-2A5A-460C-B0B6-8599B0CE09FA}.Release|Any CPU.Build.0 = Release|Any CPU
		{5B21BB2B-A63A-40D3-ACE7-BF83345D324B}.Debug|Any CPU.ActiveCfg = Debug|Any CPU
		{5B21BB2B-A63A-40D3-ACE7-BF83345D324B}.Debug|Any CPU.Build.0 = Debug|Any CPU
		{5B21BB2B-A63A-40D3-ACE7-BF83345D324B}.Release|Any CPU.ActiveCfg = Release|Any CPU
		{5B21BB2B-A63A-40D3-ACE7-BF83345D324B}.Release|Any CPU.Build.0 = Release|Any CPU
		{6F283986-CB01-42A5-AC6E-76A2E9C068F6}.Debug|Any CPU.ActiveCfg = Debug|Any CPU
		{6F283986-CB01-42A5-AC6E-76A2E9C068F6}.Debug|Any CPU.Build.0 = Debug|Any CPU
		{6F283986-CB01-42A5-AC6E-76A2E9C068F6}.Release|Any CPU.ActiveCfg = Release|Any CPU
		{6F283986-CB01-42A5-AC6E-76A2E9C068F6}.Release|Any CPU.Build.0 = Release|Any CPU
		{AA4E88C7-2BB6-43A4-B439-EFF0EA5BA913}.Debug|Any CPU.ActiveCfg = Debug|Any CPU
		{AA4E88C7-2BB6-43A4-B439-EFF0EA5BA913}.Debug|Any CPU.Build.0 = Debug|Any CPU
		{AA4E88C7-2BB6-43A4-B439-EFF0EA5BA913}.Release|Any CPU.ActiveCfg = Release|Any CPU
		{AA4E88C7-2BB6-43A4-B439-EFF0EA5BA913}.Release|Any CPU.Build.0 = Release|Any CPU
	EndGlobalSection
	GlobalSection(SolutionProperties) = preSolution
		HideSolutionNode = FALSE
	EndGlobalSection
	GlobalSection(ExtensibilityGlobals) = postSolution
		SolutionGuid = {5A3EC7F8-E3A5-4379-AE50-6008D4FA226F}
	EndGlobalSection
EndGlobal
